{"1.2.0",
[{<<"accept">>,{pkg,<<"accept">>,<<"0.3.5">>},0},
 {<<"base64url">>,{pkg,<<"base64url">>,<<"1.0.1">>},0},
 {<<"bbmustache">>,{pkg,<<"bbmustache">>,<<"1.11.0">>},0},
 {<<"bear">>,{pkg,<<"bear">>,<<"1.0.0">>},0},
 {<<"brod">>,{pkg,<<"brod">>,<<"3.15.5">>},0},
 {<<"certifi">>,{pkg,<<"certifi">>,<<"2.6.1">>},0},
 {<<"cf">>,{pkg,<<"cf">>,<<"0.3.1">>},1},
 {<<"coveralls">>,{pkg,<<"coveralls">>,<<"2.2.0">>},0},
 {<<"cowboy">>,{pkg,<<"cowboy">>,<<"2.8.0">>},0},
 {<<"cowlib">>,{pkg,<<"cowlib">>,<<"2.9.1">>},1},
 {<<"crc32cer">>,{pkg,<<"crc32cer">>,<<"0.1.10">>},0},
 {<<"credentials_obfuscation">>,
  {pkg,<<"credentials_obfuscation">>,<<"2.4.0">>},
  0},
 {<<"elvis_core">>,{pkg,<<"elvis_core">>,<<"1.1.2">>},0},
 {<<"epgsql">>,{pkg,<<"epgsql">>,<<"4.5.0">>},0},
 {<<"erlexec">>,{pkg,<<"erlexec">>,<<"1.18.11">>},0},
 {<<"erlsom">>,{pkg,<<"erlsom">>,<<"1.5.0">>},0},
 {<<"erlware_commons">>,{pkg,<<"erlware_commons">>,<<"1.4.0">>},0},
 {<<"gen_smtp">>,{pkg,<<"gen_smtp">>,<<"1.1.1">>},0},
 {<<"getopt">>,{pkg,<<"getopt">>,<<"1.0.2">>},0},
 {<<"goldrush">>,{pkg,<<"goldrush">>,<<"0.1.9">>},0},
 {<<"grpc_gun">>,{pkg,<<"grpc_gun">>,<<"2.0.0">>},0},
 {<<"gun">>,{pkg,<<"gun">>,<<"1.3.3">>},0},
 {<<"hackney">>,{pkg,<<"hackney">>,<<"1.17.4">>},0},
 {<<"hut">>,{pkg,<<"hut">>,<<"1.3.0">>},1},
 {<<"ibrowse">>,{pkg,<<"ibrowse">>,<<"4.4.1">>},0},
 {<<"idna">>,{pkg,<<"idna">>,<<"6.1.1">>},0},
 {<<"jiffy">>,{pkg,<<"jiffy">>,<<"1.0.8">>},0},
 {<<"jose">>,{pkg,<<"jose">>,<<"1.11.1">>},0},
 {<<"jsone">>,{pkg,<<"jsone">>,<<"1.5.7">>},0},
 {<<"jsx">>,{pkg,<<"jsx">>,<<"3.0.0">>},0},
 {<<"kafka_protocol">>,{pkg,<<"kafka_protocol">>,<<"3.0.1">>},0},
 {<<"katana_code">>,{pkg,<<"katana_code">>,<<"1.1.2">>},0},
 {<<"lager">>,{pkg,<<"lager">>,<<"3.9.2">>},0},
 {<<"meck">>,{pkg,<<"meck">>,<<"0.9.2">>},0},
 {<<"metrics">>,{pkg,<<"metrics">>,<<"2.5.0">>},0},
 {<<"mimerl">>,{pkg,<<"mimerl">>,<<"1.2.0">>},0},
 {<<"parse_trans">>,{pkg,<<"parse_trans">>,<<"3.4.0">>},0},
 {<<"poolboy">>,{pkg,<<"poolboy">>,<<"1.5.2">>},0},
 {<<"prometheus">>,{pkg,<<"prometheus">>,<<"4.8.0">>},0},
 {<<"quickrand">>,{pkg,<<"quickrand">>,<<"2.0.1">>},1},
 {<<"ranch">>,{pkg,<<"ranch">>,<<"2.0.0">>},0},
 {<<"recon">>,{pkg,<<"recon">>,<<"2.5.1">>},0},
 {<<"snappyer">>,{pkg,<<"snappyer">>,<<"1.2.8">>},0},
 {<<"ssl_verify_fun">>,{pkg,<<"ssl_verify_fun">>,<<"1.1.6">>},0},
 {<<"supervisor3">>,{pkg,<<"supervisor3">>,<<"1.1.11">>},0},
 {<<"unicode_util_compat">>,{pkg,<<"unicode_util_compat">>,<<"0.7.0">>},1},
 {<<"uuid_erl">>,{pkg,<<"uuid_erl">>,<<"2.0.1">>},0},
 {<<"yamerl">>,{pkg,<<"yamerl">>,<<"0.8.1">>},0},
 {<<"zipper">>,{pkg,<<"zipper">>,<<"1.0.1">>},0}]}.
[
{pkg_hash,[
 {<<"accept">>, <<"B33B127ABCA7CC948BBE6CAA4C263369ABF1347CFA9D8E699C6D214660F10CD1">>},
 {<<"base64url">>, <<"F8C7F2DA04CA9A5D0F5F50258F055E1D699F0E8BF4CFDB30B750865368403CF6">>},
 {<<"bbmustache">>, <<"A6DBFC5CEE3E1D7D17AAD5F5B8880B4508D974611DA8D73E1F6C28BDE65D4C47">>},
 {<<"bear">>, <<"430419C1126B477686CDE843E88BA0F2C7DC5CDF0881C677500074F704339A99">>},
 {<<"brod">>, <<"DEFB6D922CD101D209A30BA6B49CE9363F26DB4A4D2AAB340BFA83D5EE626F8A">>},
 {<<"certifi">>, <<"DBAB8E5E155A0763EEA978C913CA280A6B544BFA115633FA20249C3D396D9493">>},
 {<<"cf">>, <<"5CB902239476E141EA70A740340233782D363A31EEA8AD37049561542E6CD641">>},
 {<<"coveralls">>, <<"7B91A34A8F0AE2333D899D4277DE350DB9CCE264062C6F34F431A8CBFB06D5A7">>},
 {<<"cowboy">>, <<"F3DC62E35797ECD9AC1B50DB74611193C29815401E53BAC9A5C0577BD7BC667D">>},
 {<<"cowlib">>, <<"61A6C7C50CF07FDD24B2F45B89500BB93B6686579B069A89F88CB211E1125C78">>},
 {<<"crc32cer">>, <<"FB87ABBF34B72F180F8C3A908CD1826C6CB9A59787D156A29E05DE9E98BE385E">>},
 {<<"credentials_obfuscation">>, <<"9FB57683B84899CA3546B384E59AB5D3054A9F334EBA50D74C82CD0AE82DD6CA">>},
 {<<"elvis_core">>, <<"7CE6D2ECC91D768F8A36E2AEB30FD4901322F2E73C3D47113CEB9C7931ADF05A">>},
 {<<"epgsql">>, <<"CA863EE3A771E7696AE58EC924A29DF8435CDAFFA64DBA70C02DD2571AD2122D">>},
 {<<"erlexec">>, <<"46CC6AA4AC94F0FF39611F28400B48FA794BBBDEC8722202155374981DA25682">>},
 {<<"erlsom">>, <<"C5A5CDD0EE0E8DCA62BCC4B13FF08DA24FDEFC16CCD8B25282A2FDA2BA1BE24A">>},
 {<<"erlware_commons">>, <<"F9EE38412E1413944BE78736DDB9BDB4C0664ABA5133563F4F3B359A8ED0AD52">>},
 {<<"gen_smtp">>, <<"BF9303C31735100631B1D708D629E4C65944319D1143B5C9952054F4A1311D85">>},
 {<<"getopt">>, <<"33D9B44289FE7AD08627DDFE1D798E30B2DA0033B51DA1B3A2D64E72CD581D02">>},
 {<<"goldrush">>, <<"F06E5D5F1277DA5C413E84D5A2924174182FB108DABB39D5EC548B27424CD106">>},
 {<<"grpc_gun">>, <<"F99678A2AB975E74372A756C86EC30A8384D3AC8A8B86C7ED6243EF4E61D2729">>},
 {<<"gun">>, <<"CF8B51BEB36C22B9C8DF1921E3F2BC4D2B1F68B49AD4FBC64E91875AA14E16B4">>},
 {<<"hackney">>, <<"99DA4674592504D3FB0CFEF0DB84C3BA02B4508BAE2DFF8C0108BAA0D6E0977C">>},
 {<<"hut">>, <<"71F2F054E657C03F959CF1ACC43F436EA87580696528CA2A55C8AFB1B06C85E7">>},
 {<<"ibrowse">>, <<"2B7D0637B0F8B9B4182DE4BD0F2E826A4DA2C9B04898B6E15659BA921A8D6EC2">>},
 {<<"idna">>, <<"8A63070E9F7D0C62EB9D9FCB360A7DE382448200FBBD1B106CC96D3D8099DF8D">>},
 {<<"jiffy">>, <<"60E36F00BE35E5AC6E6CF2D4CAF3BDF3103D4460AFF385F543A8D7DF2D6D9613">>},
 {<<"jose">>, <<"59DA64010C69AAD6CDE2F5B9248B896B84472E99BD18F246085B7B9FE435DCDB">>},
 {<<"jsone">>, <<"036EC290BF3B2B3348B2EEC199A0FCDA62CE296AB6B736A403A6A440C5203618">>},
 {<<"jsx">>, <<"20A170ABD4335FC6DB24D5FAD1E5D677C55DADF83D1B20A8A33B5FE159892A39">>},
 {<<"kafka_protocol">>, <<"4CE570C9D8E3B07B5F31EBDB515BEF63AB48E9C99875C90C0DB47A30DB42C71D">>},
 {<<"katana_code">>, <<"4336743263236C3213FF1B979ECAE263940B9084ACE90E9434838F3F98CCA578">>},
 {<<"lager">>, <<"4CAB289120EB24964E3886BD22323CB5FEFE4510C076992A23AD18CF85413D8C">>},
 {<<"meck">>, <<"85CCBAB053F1DB86C7CA240E9FC718170EE5BDA03810A6292B5306BF31BAE5F5">>},
 {<<"metrics">>, <<"268D218D56529CB5F070D74BBFC3AF64C668379B5B18FAFDA88959442F790C57">>},
 {<<"mimerl">>, <<"67E2D3F571088D5CFD3E550C383094B47159F3EEE8FFA08E64106CDF5E981BE3">>},
 {<<"parse_trans">>, <<"BB87AC362A03CA674EBB7D9D498F45C03256ADED7214C9101F7035EF44B798C7">>},
 {<<"poolboy">>, <<"392B007A1693A64540CEAD79830443ABF5762F5D30CF50BC95CB2C1AAAFA006B">>},
 {<<"prometheus">>, <<"1CE1E1002B173C336D61F186B56263346536E76814EDD9A142E12AEB2D6C1AD2">>},
 {<<"quickrand">>, <<"6D861FA11E6EB51BB2343A2616EFF704C2681A9997F41ABC78E58FA76DA33981">>},
 {<<"ranch">>, <<"FBF3D79661C071543256F9051CAF19D65DAA6DF1CF6824D8F37A49B19A66F703">>},
 {<<"recon">>, <<"430FFA60685AC1EFDFB1FE4C97B8767C92D0D92E6E7C3E8621559BA77598678A">>},
 {<<"snappyer">>, <<"201CE9067A33C71A6A5087C0C3A49A010B17112D461E6DF696C722DCB6D0934A">>},
 {<<"ssl_verify_fun">>, <<"CF344F5692C82D2CD7554F5EC8FD961548D4FD09E7D22F5B62482E5AEAEBD4B0">>},
 {<<"supervisor3">>, <<"D81CDEC31D102FDE407423E1D05B569572850DEEBED86B951D5233C387CBA80B">>},
 {<<"unicode_util_compat">>, <<"BC84380C9AB48177092F43AC89E4DFA2C6D62B40B8BD132B1059ECC7232F9A78">>},
 {<<"uuid_erl">>, <<"1FD9079C544D521063897887A1C5B3302DCA98F9BB06AADCDC6FB0663F256797">>},
 {<<"yamerl">>, <<"07DA13FFA1D8E13948943789665C62CCD679DFA7B324A4A2ED3149DF17F453A4">>},
 {<<"zipper">>, <<"3CCB4F14B97C06B2749B93D8B6C204A1ECB6FAFC6050CACC3B93B9870C05952A">>}]},
{pkg_hash_ext,[
 {<<"accept">>, <<"11B18C220BCC2EAB63B5470C038EF10EB6783BCB1FCDB11AA4137DEFA5AC1BB8">>},
 {<<"base64url">>, <<"F9B3ADD4731A02A9B0410398B475B33E7566A695365237A6BDEE1BB447719F5C">>},
 {<<"bbmustache">>, <<"7C9CDCF58DC043377AB792A8C7109D8902695FCAE3B35C1078A8B38DDCF86E5F">>},
 {<<"bear">>, <<"157B67901ADF84FF0DA6EAE035CA1292A0AC18AA55148154D8C582B2C68959DB">>},
 {<<"brod">>, <<"C537C2AE3066ADEE4211A5154BC61ABF6D743286779A27740F7A9AC700D28ED3">>},
 {<<"certifi">>, <<"524C97B4991B3849DD5C17A631223896272C6B0AF446778BA4675A1DFF53BB7E">>},
 {<<"cf">>, <<"315E8D447D3A4B02BCDBFA397AD03BBB988A6E0AA6F44D3ADD0F4E3C3BF97672">>},
 {<<"coveralls">>, <<"CD54DB0AA8C64B539280189C5619ECEE13A46A28B0F1CB774544DDCC166204A3">>},
 {<<"cowboy">>, <<"4643E4FBA74AC96D4D152C75803DE6FAD0B3FA5DF354C71AFDD6CBEEB15FAC8A">>},
 {<<"cowlib">>, <<"E4175DC240A70D996156160891E1C62238EDE1729E45740BDD38064DAD476170">>},
 {<<"crc32cer">>, <<"5B1F47EFD0A1B4B7411F1F35E14D3C8C6DA6E6A2A725EC8F2CF1AB13703E5F38">>},
 {<<"credentials_obfuscation">>, <<"D28A89830E30698B075DE9A4DBE683A20685C6BED1E3B7DF744A0C06E6FF200A">>},
 {<<"elvis_core">>, <<"C4EE42A7A7C2FC567F3EA6B5150164CD68290F1100E9B19A4CF886D8AA1CA73C">>},
 {<<"epgsql">>, <<"0A02D338CC1426C5873B412FED9D694F7B5143933C5F85F244655A5E77B23078">>},
 {<<"erlexec">>, <<"2BA928F1BDF74E098C413465F109C10B5D1E1359568EB7BF4C99F91AC983B8FF">>},
 {<<"erlsom">>, <<"55A9DBF9CFA77FCFC108BD8E2C4F9F784DEA228A8F4B06EA10B684944946955A">>},
 {<<"erlware_commons">>, <<"185ECF5CF43BAB3A013DDB3614CE7BBA7F6C7A827904E64E57DA54FCDFDCE2E6">>},
 {<<"gen_smtp">>, <<"51BC50CC017EFD4A4248CBC39EA30FB60EFA7D4A49688986FAFAD84434FF9AB7">>},
 {<<"getopt">>, <<"A0029AEA4322FB82A61F6876A6D9C66DC9878B6CB61FAA13DF3187384FD4EA26">>},
 {<<"goldrush">>, <<"99CB4128CFFCB3227581E5D4D803D5413FA643F4EB96523F77D9E6937D994CEB">>},
 {<<"grpc_gun">>, <<"03DBBCA1A9C604A0267A40EA1D69986225091ACB822DE0B2DBEA21D5815E410B">>},
 {<<"gun">>, <<"3106CE167F9C9723F849E4FB54EA4A4D814E3996AE243A1C828B256E749041E0">>},
 {<<"hackney">>, <<"DE16FF4996556C8548D512F4DBE22DD58A587BF3332E7FD362430A7EF3986B16">>},
 {<<"hut">>, <<"7E15D28555D8A1F2B5A3A931EC120AF0753E4853A4C66053DB354F35BF9AB563">>},
 {<<"ibrowse">>, <<"1E86C591DBC6D270632625534986BECA30813AF7CE784E742E5FC38E342C29B3">>},
 {<<"idna">>, <<"92376EB7894412ED19AC475E4A86F7B413C1B9FBB5BD16DCCD57934157944CEA">>},
 {<<"jiffy">>, <<"F9AE986BA5A0854EB48CF6A76192D9367086DA86C20197DA430630BE7C087A4E">>},
 {<<"jose">>, <<"078F6C9FB3CD2F4CFAFC972C814261A7D1E8D2B3685C0A76EB87E158EFFF1AC5">>},
 {<<"jsone">>, <<"5F146CBF953469667EEE145FB066D6EE6B9B181BCFD547295317526E7464D732">>},
 {<<"jsx">>, <<"37BECA0435F5CA8A2F45F76A46211E76418FBEF80C36F0361C249FC75059DC6D">>},
 {<<"kafka_protocol">>, <<"C77A2400537072EAF18FE821C6F469C879788F215C60612AA0EAA3444DDDF467">>},
 {<<"katana_code">>, <<"E7E6162A44E826A03F68B503B7D92981B894BF834C1EF0E647783F7D6688021C">>},
 {<<"lager">>, <<"7F904D9E87A8CB7E66156ED31768D1C8E26EBA1D54F4BC85B1AA4AC1F6340C28">>},
 {<<"meck">>, <<"81344F561357DC40A8344AFA53767C32669153355B626EA9FCBC8DA6B3045826">>},
 {<<"metrics">>, <<"AE061938C8C3BDE97D17BE9A792B63E15C1E1EFFE16598AB87A62384F5F3714B">>},
 {<<"mimerl">>, <<"F278585650AA581986264638EBF698F8BB19DF297F66AD91B18910DFC6E19323">>},
 {<<"parse_trans">>, <<"F99E368830BEA44552224E37E04943A54874F08B8590485DE8D13832B63A2DC3">>},
 {<<"poolboy">>, <<"DAD79704CE5440F3D5A3681C8590B9DC25D1A561E8F5A9C995281012860901E3">>},
 {<<"prometheus">>, <<"0FC2E17103073EDB3758A46A5D44B006191BF25B73CBAA2B779109DE396AFCB5">>},
 {<<"quickrand">>, <<"14DB67D4AEF6B8815810EC9F3CCEF5E324B73B56CAE3687F99D752B85BDD4C96">>},
 {<<"ranch">>, <<"C20A4840C7D6623C19812D3A7C828B2F1BD153EF0F124CB69C54FE51D8A42AE0">>},
 {<<"recon">>, <<"5721C6B6D50122D8F68CCCAC712CAA1231F97894BAB779EFF5FF0F886CB44648">>},
 {<<"snappyer">>, <<"35518E79A28548B56D8FD6AEE2F565F12F51C2D3D053F9CFA817C83BE88C4F3D">>},
 {<<"ssl_verify_fun">>, <<"BDB0D2471F453C88FF3908E7686F86F9BE327D065CC1EC16FA4540197EA04680">>},
 {<<"supervisor3">>, <<"E6C2DEDBCABCBA24995A218ACA12DB5E208B80D3252692B22EF0F1A266104B50">>},
 {<<"unicode_util_compat">>, <<"25EEE6D67DF61960CF6A794239566599B09E17E668D3700247BC498638152521">>},
 {<<"uuid_erl">>, <<"AB57CACCD51F170011E5F444CE865F84B41605E483A9EFCC468C1AFAEC87553B">>},
 {<<"yamerl">>, <<"96CB30F9D64344FED0EF8A92E9F16F207DE6C04DFFF4F366752CA79F5BCEB23F">>},
 {<<"zipper">>, <<"6A1FD3E1F0CC1D1DF5642C9A0CE2178036411B0A5C9642851D1DA276BD737C2D">>}]}
].
